
Microsoft Visual Studio Solution File, Format Version 12.00
# Visual Studio 15
VisualStudioVersion = 15.0.27703.2047
MinimumVisualStudioVersion = 10.0.40219.1
Project("{9A19103F-16F7-4668-BE54-9A1E7A4F7556}") = "TemperatureHistorianService", "TemperatureHistorianService.csproj", "{253D5DD7-8D81-4766-B3E6-186AB5260A04}"
EndProject
Global
	GlobalSection(SolutionConfigurationPlatforms) = preSolution
		Debug|Any CPU = Debug|Any CPU
		Release|Any CPU = Release|Any CPU
	EndGlobalSection
	GlobalSection(ProjectConfigurationPlatforms) = postSolution
		{253D5DD7-8D81-4766-B3E6-186AB5260A04}.Debug|Any CPU.ActiveCfg = Debug|Any CPU
		{253D5DD7-8D81-4766-B3E6-186AB5260A04}.Debug|Any CPU.Build.0 = Debug|Any CPU
		{253D5DD7-8D81-4766-B3E6-186AB5260A04}.Release|Any CPU.ActiveCfg = Release|Any CPU
		{253D5DD7-8D81-4766-B3E6-186AB5260A04}.Release|Any CPU.Build.0 = Release|Any CPU
	EndGlobalSection
	GlobalSection(SolutionProperties) = preSolution
		HideSolutionNode = FALSE
	EndGlobalSection
	GlobalSection(ExtensibilityGlobals) = postSolution
		SolutionGuid = {56E7DA84-F535-4498-84BE-4FA1FD2547B7}
	EndGlobalSection
EndGlobal
